
Microsoft Visual Studio Solution File, Format Version 12.00
# Visual Studio Version 16
VisualStudioVersion = 16.0.31025.194
MinimumVisualStudioVersion = 10.0.40219.1
Project("{FAE04EC0-301F-11D3-BF4B-00C04F79EFBC}") = "WeatherWebApp", "WeatherWebApp\WeatherWebApp.csproj", "{EFA093A0-FE16-4798-8C54-6F40AF5C9AB3}"
EndProject
Global
	GlobalSection(SolutionConfigurationPlatforms) = preSolution
		Debug|Any CPU = Debug|Any CPU
		Release|Any CPU = Release|Any CPU
	EndGlobalSection
	GlobalSection(ProjectConfigurationPlatforms) = postSolution
		{EFA093A0-FE16-4798-8C54-6F40AF5C9AB3}.Debug|Any CPU.ActiveCfg = Debug|Any CPU
		{EFA093A0-FE16-4798-8C54-6F40AF5C9AB3}.Debug|Any CPU.Build.0 = Debug|Any CPU
		{EFA093A0-FE16-4798-8C54-6F40AF5C9AB3}.Release|Any CPU.ActiveCfg = Release|Any CPU
		{EFA093A0-FE16-4798-8C54-6F40AF5C9AB3}.Release|Any CPU.Build.0 = Release|Any CPU
	EndGlobalSection
	GlobalSection(SolutionProperties) = preSolution
		HideSolutionNode = FALSE
	EndGlobalSection
	GlobalSection(ExtensibilityGlobals) = postSolution
		SolutionGuid = {E5B9B4E4-7995-4DBB-9703-310862B2ED17}
	EndGlobalSection
EndGlobal
